<?xml version="1.0" encoding="utf-8"?>
<Project ToolsVersion="4.0" xmlns="http://schemas.microsoft.com/developer/msbuild/2003">
  <ItemGroup>
    <Filter Include="Source Files">
      <UniqueIdentifier>{4FC737F1-C7A5-4376-A066-2A32D752A2FF}</UniqueIdentifier>
      <Extensions>cpp;c;cc;cxx;def;odl;idl;hpj;bat;asm;asmx</Extensions>
    </Filter>
    <Filter Include="Header Files">
      <UniqueIdentifier>{93995380-89BD-4b04-88EB-625FBE52EBFB}</UniqueIdentifier>
      <Extensions>h;hh;hpp;hxx;hm;inl;inc;xsd</Extensions>
    </Filter>
    <Filter Include="Resource Files">
      <UniqueIdentifier>{67DA6AB6-F800-4c08-8B7A-83BB121AAD01}</UniqueIdentifier>
      <Extensions>rc;ico;cur;bmp;dlg;rc2;rct;bin;rgs;gif;jpg;jpeg;jpe;resx;tiff;tif;png;wav;mfcribbon-ms</Extensions>
    </Filter>
    <Filter Include="Header Files\fileManagement">
      <UniqueIdentifier>{23a771a9-3111-4739-b2a0-0b57ffc8efec}</UniqueIdentifier>
    </Filter>
    <Filter Include="Source Files\fileManagement">
      <UniqueIdentifier>{aec5dafe-94d0-428f-809d-be68d52cfde0}</UniqueIdentifier>
    </Filter>
    <Filter Include="Header Files\support">
      <UniqueIdentifier>{7b27b1f3-f336-4b38-b1f0-1b6abe73274b}</UniqueIdentifier>
    </Filter>
    <Filter Include="Source Files\support">
      <UniqueIdentifier>{02d533eb-7919-469a-9201-f906ca5a21a1}</UniqueIdentifier>
    </Filter>
    <Filter Include="Source Files\schedulerManagement">
      <UniqueIdentifier>{6d2f11ab-795e-4fe9-80b7-b024c8e638c6}</UniqueIdentifier>
    </Filter>
    <Filter Include="Header Files\schedulerManagement">
      <UniqueIdentifier>{a64914d5-d738-4b5d-a403-8818a33b0047}</UniqueIdentifier>
    </Filter>
  </ItemGroup>
  <ItemGroup>
    <Text Include="ReadMe.txt" />
  </ItemGroup>
  <ItemGroup>
    <ClInclude Include="resource.h">
      <Filter>Header Files\support</Filter>
    </ClInclude>
    <ClInclude Include="stdafx.h">
      <Filter>Header Files\support</Filter>
    </ClInclude>
    <ClInclude Include="FileProcessorBase.h">
      <Filter>Header Files\fileManagement</Filter>
    </ClInclude>
    <ClInclude Include="Globals.h">
      <Filter>Header Files\support</Filter>
    </ClInclude>
    <ClInclude Include="CRC32.h">
      <Filter>Header Files\support</Filter>
    </ClInclude>
    <ClInclude Include="DirectoryManagement.h">
      <Filter>Header Files\fileManagement</Filter>
    </ClInclude>
    <ClInclude Include="DirectoryMonitor.h">
      <Filter>Header Files\fileManagement</Filter>
    </ClInclude>
    <ClInclude Include="SchedulerManager.h">
      <Filter>Header Files\schedulerManagement</Filter>
    </ClInclude>
    <ClInclude Include="LocationsManager.h">
      <Filter>Header Files</Filter>
    </ClInclude>
  </ItemGroup>
  <ItemGroup>
    <ResourceCompile Include="app.rc">
      <Filter>Resource Files</Filter>
    </ResourceCompile>
  </ItemGroup>
  <ItemGroup>
    <ClCompile Include="AssemblyInfo.cpp">
      <Filter>Source Files\support</Filter>
    </ClCompile>
    <ClCompile Include="stdafx.cpp">
      <Filter>Source Files\support</Filter>
    </ClCompile>
    <ClCompile Include="FileProcessorBase.cpp">
      <Filter>Source Files\fileManagement</Filter>
    </ClCompile>
    <ClCompile Include="CRC32.cpp">
      <Filter>Source Files\support</Filter>
    </ClCompile>
    <ClCompile Include="DirectoryManagement.cpp">
      <Filter>Source Files\fileManagement</Filter>
    </ClCompile>
    <ClCompile Include="SynchiveMonitor.cpp">
      <Filter>Source Files</Filter>
    </ClCompile>
    <ClCompile Include="DirectoryMonitor.cpp">
      <Filter>Source Files\fileManagement</Filter>
    </ClCompile>
    <ClCompile Include="SchedulerManager.cpp">
      <Filter>Source Files\schedulerManagement</Filter>
    </ClCompile>
    <ClCompile Include="LocationsManager.cpp">
      <Filter>Source Files</Filter>
    </ClCompile>
  </ItemGroup>
  <ItemGroup>
    <Image Include="app.ico">
      <Filter>Resource Files</Filter>
    </Image>
  </ItemGroup>
</Project>